{
  "name": "nos",
  "version": "1.0.0",
  "lockfileVersion": 1,
  "requires": true,
  "dependencies": {
    "any-promise": {
      "version": "1.3.0",
      "resolved": "https://registry.npmjs.org/any-promise/-/any-promise-1.3.0.tgz",
      "integrity": "sha1-q8av7tzqUugJzcA3au0845Y10X8="
    },
    "axios": {
      "version": "0.19.0",
      "resolved": "https://registry.npmjs.org/axios/-/axios-0.19.0.tgz",
      "integrity": "sha512-1uvKqKQta3KBxIz14F2v06AEHZ/dIoeKfbTRkK1E5oqjDnuEerLmYTgJB5AiQZHJcljpg1TuRzdjDR06qNk0DQ==",
      "requires": {
        "follow-redirects": "1.5.10",
        "is-buffer": "^2.0.2"
      }
    },
    "bson": {
      "version": "1.1.1",
      "resolved": "https://registry.npmjs.org/bson/-/bson-1.1.1.tgz",
      "integrity": "sha512-jCGVYLoYMHDkOsbwJZBCqwMHyH4c+wzgI9hG7Z6SZJRXWr+x58pdIbm2i9a/jFGCkRJqRUr8eoI7lDWa0hTkxg=="
    },
    "child-process": {
      "version": "1.0.2",
      "resolved": "https://registry.npmjs.org/child-process/-/child-process-1.0.2.tgz",
      "integrity": "sha1-mJdNx+0e5MYin44wX6cxOmiFp/I="
    },
    "child_process": {
      "version": "1.0.2",
      "resolved": "https://registry.npmjs.org/child_process/-/child_process-1.0.2.tgz",
      "integrity": "sha1-sffn/HPSXn/R1FWtyU4UODAYK1o="
    },
    "clone-deep": {
      "version": "4.0.1",
      "resolved": "https://registry.npmjs.org/clone-deep/-/clone-deep-4.0.1.tgz",
      "integrity": "sha512-neHB9xuzh/wk0dIHweyAXv2aPGZIVk3pLMe+/RNzINf17fe0OG96QroktYAUm7SM1PBnzTabaLboqqxDyMU+SQ==",
      "requires": {
        "is-plain-object": "^2.0.4",
        "kind-of": "^6.0.2",
        "shallow-clone": "^3.0.0"
      }
    },
    "colors": {
      "version": "1.3.3",
      "resolved": "https://registry.npmjs.org/colors/-/colors-1.3.3.tgz",
      "integrity": "sha512-mmGt/1pZqYRjMxB1axhTo16/snVZ5krrKkcmMeVKxzECMMXoCgnvTPp10QgHfcbQZw8Dq2jMNG6je4JlWU0gWg=="
    },
    "connected-domain": {
      "version": "1.0.0",
      "resolved": "https://registry.npmjs.org/connected-domain/-/connected-domain-1.0.0.tgz",
      "integrity": "sha1-v+dyOMdL5FOnnwy2BY3utPI1jpM="
    },
    "debug": {
      "version": "4.1.1",
      "resolved": "https://registry.npmjs.org/debug/-/debug-4.1.1.tgz",
      "integrity": "sha512-pYAIzeRo8J6KPEaJ0VWOh5Pzkbw/RetuzehGM7QRRX5he4fPHx2rdKMB256ehJCkX+XRQm16eZLqLNS8RSZXZw==",
      "requires": {
        "ms": "^2.1.1"
      }
    },
    "follow-redirects": {
      "version": "1.5.10",
      "resolved": "https://registry.npmjs.org/follow-redirects/-/follow-redirects-1.5.10.tgz",
      "integrity": "sha512-0V5l4Cizzvqt5D44aTXbFZz+FtyXV1vrDN6qrelxtfYQKW0KO0W2T/hkE8xvGa/540LkZlkaUjO4ailYTFtHVQ==",
      "requires": {
        "debug": "=3.1.0"
      },
      "dependencies": {
        "debug": {
          "version": "3.1.0",
          "resolved": "https://registry.npmjs.org/debug/-/debug-3.1.0.tgz",
          "integrity": "sha512-OX8XqP7/1a9cqkxYw2yXss15f26NKWBpDXQd0/uK/KPqdQhxbPa994hnzjcE2VqQpDslf55723cKPUOGSmMY3g==",
          "requires": {
            "ms": "2.0.0"
          }
        },
        "ms": {
          "version": "2.0.0",
          "resolved": "https://registry.npmjs.org/ms/-/ms-2.0.0.tgz",
          "integrity": "sha1-VgiurfwAvmwpAd9fmGF4jeDVl8g="
        }
      }
    },
    "ip": {
      "version": "1.1.5",
      "resolved": "https://registry.npmjs.org/ip/-/ip-1.1.5.tgz",
      "integrity": "sha1-vd7XARQpCCjAoDnnLvJfWq7ENUo="
    },
    "is-buffer": {
      "version": "2.0.3",
      "resolved": "https://registry.npmjs.org/is-buffer/-/is-buffer-2.0.3.tgz",
      "integrity": "sha512-U15Q7MXTuZlrbymiz95PJpZxu8IlipAp4dtS3wOdgPXx3mqBnslrWU14kxfHB+Py/+2PVKSr37dMAgM2A4uArw=="
    },
    "is-plain-object": {
      "version": "2.0.4",
      "resolved": "https://registry.npmjs.org/is-plain-object/-/is-plain-object-2.0.4.tgz",
      "integrity": "sha512-h5PpgXkWitc38BBMYawTYMWJHFZJVnBquFE57xFpjB8pJFiF6gZ+bU+WyI/yqXiFR5mdLsgYNaPe8uao6Uv9Og==",
      "requires": {
        "isobject": "^3.0.1"
      }
    },
    "isobject": {
      "version": "3.0.1",
      "resolved": "https://registry.npmjs.org/isobject/-/isobject-3.0.1.tgz",
      "integrity": "sha1-TkMekrEalzFjaqH5yNHMvP2reN8="
    },
    "kind-of": {
      "version": "6.0.2",
      "resolved": "https://registry.npmjs.org/kind-of/-/kind-of-6.0.2.tgz",
      "integrity": "sha512-s5kLOcnH0XqDO+FvuaLX8DDjZ18CGFk7VygH40QoKPUQhW4e2rvM0rwUq0t8IQDOwYSeLK01U90OjzBTme2QqA=="
    },
    "mongodb": {
      "version": "3.3.2",
      "resolved": "https://registry.npmjs.org/mongodb/-/mongodb-3.3.2.tgz",
      "integrity": "sha512-fqJt3iywelk4yKu/lfwQg163Bjpo5zDKhXiohycvon4iQHbrfflSAz9AIlRE6496Pm/dQKQK5bMigdVo2s6gBg==",
      "requires": {
        "bson": "^1.1.1",
        "require_optional": "^1.0.1",
        "safe-buffer": "^5.1.2"
      }
    },
    "monk": {
      "version": "7.1.0",
      "resolved": "https://registry.npmjs.org/monk/-/monk-7.1.0.tgz",
      "integrity": "sha512-ElfUWyCnJrZfMaAN9YXFnlUJ11JPcYW0o1T+9DtDsdASyXTxNSzy4JSaatQ8+3vJQaXUihbbJM5bdwxhpdm4gQ==",
      "requires": {
        "debug": "*",
        "mongodb": "^3.2.3",
        "monk-middleware-cast-ids": "^0.2.1",
        "monk-middleware-fields": "^0.2.0",
        "monk-middleware-handle-callback": "^0.2.0",
        "monk-middleware-options": "^0.2.1",
        "monk-middleware-query": "^0.2.0",
        "monk-middleware-wait-for-connection": "^0.2.0",
        "object-assign": "^4.1.1"
      }
    },
    "monk-middleware-cast-ids": {
      "version": "0.2.1",
      "resolved": "https://registry.npmjs.org/monk-middleware-cast-ids/-/monk-middleware-cast-ids-0.2.1.tgz",
      "integrity": "sha1-QMQOWmyzPM7cKJIglDJ17ohhxSk="
    },
    "monk-middleware-fields": {
      "version": "0.2.0",
      "resolved": "https://registry.npmjs.org/monk-middleware-fields/-/monk-middleware-fields-0.2.0.tgz",
      "integrity": "sha1-/2N6819ZSIecyyvhWpE2CRG+psE="
    },
    "monk-middleware-handle-callback": {
      "version": "0.2.2",
      "resolved": "https://registry.npmjs.org/monk-middleware-handle-callback/-/monk-middleware-handle-callback-0.2.2.tgz",
      "integrity": "sha512-5hBynb7asZ2uw9XVze7C3XH0zXT51yFDvYydk/5HnWWzh2NLglDSiKDcX0yLKPHzFgiq+5Z4Laq5fFVnFsmm8w=="
    },
    "monk-middleware-options": {
      "version": "0.2.1",
      "resolved": "https://registry.npmjs.org/monk-middleware-options/-/monk-middleware-options-0.2.1.tgz",
      "integrity": "sha1-WNrhxRjUZjbr3/UG+t/Hc7tEKIY="
    },
    "monk-middleware-query": {
      "version": "0.2.0",
      "resolved": "https://registry.npmjs.org/monk-middleware-query/-/monk-middleware-query-0.2.0.tgz",
      "integrity": "sha1-qSbGd9SlYgxiFRsKVtDAwVFnWHQ="
    },
    "monk-middleware-wait-for-connection": {
      "version": "0.2.0",
      "resolved": "https://registry.npmjs.org/monk-middleware-wait-for-connection/-/monk-middleware-wait-for-connection-0.2.0.tgz",
      "integrity": "sha1-MSlY0w5Yi1fQl1TdfJe0hDMWg1o="
    },
    "ms": {
      "version": "2.1.1",
      "resolved": "https://registry.npmjs.org/ms/-/ms-2.1.1.tgz",
      "integrity": "sha512-tgp+dl5cGk28utYktBsrFqA7HKgrhgPsg6Z/EfhWI4gl1Hwq8B/GmY/0oXZ6nF8hDVesS/FpnYaD/kOWhYQvyg=="
    },
    "mz": {
      "version": "2.7.0",
      "resolved": "https://registry.npmjs.org/mz/-/mz-2.7.0.tgz",
      "integrity": "sha512-z81GNO7nnYMEhrGh9LeymoE4+Yr0Wn5McHIZMK5cfQCl+NDX08sCZgUc9/6MHni9IWuFLm1Z3HTCXu2z9fN62Q==",
      "requires": {
        "any-promise": "^1.0.0",
        "object-assign": "^4.0.1",
        "thenify-all": "^1.0.0"
      }
    },
    "object-assign": {
      "version": "4.1.1",
      "resolved": "https://registry.npmjs.org/object-assign/-/object-assign-4.1.1.tgz",
      "integrity": "sha1-IQmtx5ZYh8/AXLvUQsrIv7s2CGM="
    },
    "prettyjson": {
      "version": "1.2.1",
      "resolved": "https://registry.npmjs.org/prettyjson/-/prettyjson-1.2.1.tgz",
      "integrity": "sha1-/P+rQdGcq0365eV15kJGYZsS0ok=",
      "requires": {
        "colors": "^1.1.2",
        "minimist": "^1.2.0"
      },
      "dependencies": {
        "minimist": {
          "version": "1.2.0",
          "resolved": "https://registry.npmjs.org/minimist/-/minimist-1.2.0.tgz",
          "integrity": "sha1-o1AIsg9BOD7sH7kU9M1d95omQoQ="
        }
      }
    },
    "ps-node": {
      "version": "0.1.6",
      "resolved": "https://registry.npmjs.org/ps-node/-/ps-node-0.1.6.tgz",
      "integrity": "sha1-mvZ6mdex0BMuUaUDCZ04qNKs4sM=",
      "requires": {
        "table-parser": "^0.1.3"
      }
    },
    "read-last-lines": {
      "version": "1.7.2",
      "resolved": "https://registry.npmjs.org/read-last-lines/-/read-last-lines-1.7.2.tgz",
      "integrity": "sha512-K0yUvTYAYn6qpyLJufaJ7yC6BeL23qpgZ8SKM7/fA1R1rHotCDxB/zDp9i1I2JHvexWBW6/35jkt07iiIKKp4g==",
      "requires": {
        "mz": "^2.7.0"
      }
    },
    "require_optional": {
      "version": "1.0.1",
      "resolved": "https://registry.npmjs.org/require_optional/-/require_optional-1.0.1.tgz",
      "integrity": "sha512-qhM/y57enGWHAe3v/NcwML6a3/vfESLe/sGM2dII+gEO0BpKRUkWZow/tyloNqJyN6kXSl3RyyM8Ll5D/sJP8g==",
      "requires": {
        "resolve-from": "^2.0.0",
        "semver": "^5.1.0"
      }
    },
    "resolve-from": {
      "version": "2.0.0",
      "resolved": "https://registry.npmjs.org/resolve-from/-/resolve-from-2.0.0.tgz",
      "integrity": "sha1-lICrIOlP+h2egKgEx+oUdhGWa1c="
    },
    "safe-buffer": {
      "version": "5.2.0",
      "resolved": "https://registry.npmjs.org/safe-buffer/-/safe-buffer-5.2.0.tgz",
      "integrity": "sha512-fZEwUGbVl7kouZs1jCdMLdt95hdIv0ZeHg6L7qPeciMZhZ+/gdesW4wgTARkrFWEpspjEATAzUGPG8N2jJiwbg=="
    },
    "semver": {
      "version": "5.7.1",
      "resolved": "https://registry.npmjs.org/semver/-/semver-5.7.1.tgz",
      "integrity": "sha512-sauaDf/PZdVgrLTNYHRtpXa1iRiKcaebiKQ1BJdpQlWH2lCvexQdX55snPFyK7QzpudqbCI0qXFfOasHdyNDGQ=="
    },
    "shallow-clone": {
      "version": "3.0.1",
      "resolved": "https://registry.npmjs.org/shallow-clone/-/shallow-clone-3.0.1.tgz",
      "integrity": "sha512-/6KqX+GVUdqPuPPd2LxDDxzX6CAbjJehAAOKlNpqqUpAqPM6HeL8f+o3a+JsyGjn2lv0WY8UsTgUJjU9Ok55NA==",
      "requires": {
        "kind-of": "^6.0.2"
      }
    },
    "simple-git": {
      "version": "1.126.0",
      "resolved": "https://registry.npmjs.org/simple-git/-/simple-git-1.126.0.tgz",
      "integrity": "sha512-47mqHxgZnN8XRa9HbpWprzUv3Ooqz9RY/LSZgvA7jCkW8jcwLahMz7LKugY91KZehfG0sCVPtgXiU72hd6b1Bw==",
      "requires": {
        "debug": "^4.0.1"
      }
    },
    "table-parser": {
      "version": "0.1.3",
      "resolved": "https://registry.npmjs.org/table-parser/-/table-parser-0.1.3.tgz",
      "integrity": "sha1-BEHPzhallIFoTCfRtaZ/8VpDx7A=",
      "requires": {
        "connected-domain": "^1.0.0"
      }
    },
    "thenify": {
      "version": "3.3.0",
      "resolved": "https://registry.npmjs.org/thenify/-/thenify-3.3.0.tgz",
      "integrity": "sha1-5p44obq+lpsBCCB5eLn2K4hgSDk=",
      "requires": {
        "any-promise": "^1.0.0"
      }
    },
    "thenify-all": {
      "version": "1.6.0",
      "resolved": "https://registry.npmjs.org/thenify-all/-/thenify-all-1.6.0.tgz",
      "integrity": "sha1-GhkY1ALY/D+Y+/I02wvMjMEOlyY=",
      "requires": {
        "thenify": ">= 3.1.0 < 4"
      }
    }
  }
}
